Microsoft Visual Studio Solution File, Format Version 12.00
# Visual Studio Version 16
VisualStudioVersion = 16.0.0.0
MinimumVisualStudioVersion = 16.0.0.0
Project("{9A19103F-16F7-4668-BE54-9A1E7A4F7556}") = "BlazorNet8.InteractiveAuto", "BlazorNet8.InteractiveAuto\BlazorNet8.InteractiveAuto.csproj", "{E63B642B-222D-402C-B286-40D92C728DBA}"
EndProject
Project("{9A19103F-16F7-4668-BE54-9A1E7A4F7556}") = "BlazorNet8.InteractiveAuto.Client", "BlazorNet8.InteractiveAuto.Client\BlazorNet8.InteractiveAuto.Client.csproj", "{61143F78-30BE-48CE-B9B9-F8FEBAB53600}"
EndProject
Global
	GlobalSection(SolutionConfigurationPlatforms) = preSolution
		Debug|Any CPU = Debug|Any CPU
		Debug|x64 = Debug|x64
		Debug|x86 = Debug|x86
		Release|Any CPU = Release|Any CPU
		Release|x64 = Release|x64
		Release|x86 = Release|x86
	EndGlobalSection
	GlobalSection(ProjectConfigurationPlatforms) = postSolution
		{61143F78-30BE-48CE-B9B9-F8FEBAB53600}.Debug|Any CPU.ActiveCfg = Debug|Any CPU
		{61143F78-30BE-48CE-B9B9-F8FEBAB53600}.Debug|Any CPU.Build.0 = Debug|Any CPU
		{61143F78-30BE-48CE-B9B9-F8FEBAB53600}.Debug|x64.ActiveCfg = Debug|Any CPU
		{61143F78-30BE-48CE-B9B9-F8FEBAB53600}.Debug|x64.Build.0 = Debug|Any CPU
		{61143F78-30BE-48CE-B9B9-F8FEBAB53600}.Debug|x86.ActiveCfg = Debug|Any CPU
		{61143F78-30BE-48CE-B9B9-F8FEBAB53600}.Debug|x86.Build.0 = Debug|Any CPU
		{61143F78-30BE-48CE-B9B9-F8FEBAB53600}.Release|Any CPU.ActiveCfg = Release|Any CPU
		{61143F78-30BE-48CE-B9B9-F8FEBAB53600}.Release|Any CPU.Build.0 = Release|Any CPU
		{61143F78-30BE-48CE-B9B9-F8FEBAB53600}.Release|x64.ActiveCfg = Release|Any CPU
		{61143F78-30BE-48CE-B9B9-F8FEBAB53600}.Release|x64.Build.0 = Release|Any CPU
		{61143F78-30BE-48CE-B9B9-F8FEBAB53600}.Release|x86.ActiveCfg = Release|Any CPU
		{61143F78-30BE-48CE-B9B9-F8FEBAB53600}.Release|x86.Build.0 = Release|Any CPU
		{E63B642B-222D-402C-B286-40D92C728DBA}.Debug|Any CPU.ActiveCfg = Debug|Any CPU
		{E63B642B-222D-402C-B286-40D92C728DBA}.Debug|Any CPU.Build.0 = Debug|Any CPU
		{E63B642B-222D-402C-B286-40D92C728DBA}.Debug|x64.ActiveCfg = Debug|Any CPU
		{E63B642B-222D-402C-B286-40D92C728DBA}.Debug|x64.Build.0 = Debug|Any CPU
		{E63B642B-222D-402C-B286-40D92C728DBA}.Debug|x86.ActiveCfg = Debug|Any CPU
		{E63B642B-222D-402C-B286-40D92C728DBA}.Debug|x86.Build.0 = Debug|Any CPU
		{E63B642B-222D-402C-B286-40D92C728DBA}.Release|Any CPU.ActiveCfg = Release|Any CPU
		{E63B642B-222D-402C-B286-40D92C728DBA}.Release|Any CPU.Build.0 = Release|Any CPU
		{E63B642B-222D-402C-B286-40D92C728DBA}.Release|x64.ActiveCfg = Release|Any CPU
		{E63B642B-222D-402C-B286-40D92C728DBA}.Release|x64.Build.0 = Release|Any CPU
		{E63B642B-222D-402C-B286-40D92C728DBA}.Release|x86.ActiveCfg = Release|Any CPU
		{E63B642B-222D-402C-B286-40D92C728DBA}.Release|x86.Build.0 = Release|Any CPU
	EndGlobalSection
	GlobalSection(SolutionProperties) = preSolution
		HideSolutionNode = FALSE
	EndGlobalSection
	GlobalSection(ExtensibilityGlobals) = postSolution
		SolutionGuid = {AE82D8CF-B269-46C0-928F-17B68E1A35DC}
	EndGlobalSection
EndGlobal
